// !$*UTF8*$!
{
	archiveVersion = 1;
	classes = {
	};
	objectVersion = 46;
	objects = {

/* Begin PBXBuildFile section */
		9344574E1B4CDF4F00A71832 /* main.m in Sources */ = {isa = PBXBuildFile; fileRef = 9344574D1B4CDF4F00A71832 /* main.m */; };
		934457511B4CDF4F00A71832 /* AppDelegate.m in Sources */ = {isa = PBXBuildFile; fileRef = 934457501B4CDF4F00A71832 /* AppDelegate.m */; };
		934457541B4CDF4F00A71832 /* ViewController.m in Sources */ = {isa = PBXBuildFile; fileRef = 934457531B4CDF4F00A71832 /* ViewController.m */; };
		934457571B4CDF4F00A71832 /* Main.storyboard in Resources */ = {isa = PBXBuildFile; fileRef = 934457551B4CDF4F00A71832 /* Main.storyboard */; };
		934457591B4CDF4F00A71832 /* Images.xcassets in Resources */ = {isa = PBXBuildFile; fileRef = 934457581B4CDF4F00A71832 /* Images.xcassets */; };
		9344575C1B4CDF4F00A71832 /* LaunchScreen.xib in Resources */ = {isa = PBXBuildFile; fileRef = 9344575A1B4CDF4F00A71832 /* LaunchScreen.xib */; };
		934457681B4CDF4F00A71832 /* TweetHeapTests.m in Sources */ = {isa = PBXBuildFile; fileRef = 934457671B4CDF4F00A71832 /* TweetHeapTests.m */; };
/* End PBXBuildFile section */

/* Begin PBXContainerItemProxy section */
		934457621B4CDF4F00A71832 /* PBXContainerItemProxy */ = {
			isa = PBXContainerItemProxy;
			containerPortal = 934457401B4CDF4F00A71832 /* Project object */;
			proxyType = 1;
			remoteGlobalIDString = 934457471B4CDF4F00A71832;
			remoteInfo = TweetHeap;
		};
/* End PBXContainerItemProxy section */

/* Begin PBXFileReference section */
		934457481B4CDF4F00A71832 /* TweetHeap.app */ = {isa = PBXFileReference; explicitFileType = wrapper.application; includeInIndex = 0; path = TweetHeap.app; sourceTree = BUILT_PRODUCTS_DIR; };
		9344574C1B4CDF4F00A71832 /* Info.plist */ = {isa = PBXFileReference; lastKnownFileType = text.plist.xml; path = Info.plist; sourceTree = "<group>"; };
		9344574D1B4CDF4F00A71832 /* main.m */ = {isa = PBXFileReference; lastKnownFileType = sourcecode.c.objc; path = main.m; sourceTree = "<group>"; };
		9344574F1B4CDF4F00A71832 /* AppDelegate.h */ = {isa = PBXFileReference; lastKnownFileType = sourcecode.c.h; path = AppDelegate.h; sourceTree = "<group>"; };
		934457501B4CDF4F00A71832 /* AppDelegate.m */ = {isa = PBXFileReference; lastKnownFileType = sourcecode.c.objc; path = AppDelegate.m; sourceTree = "<group>"; };
		934457521B4CDF4F00A71832 /* ViewController.h */ = {isa = PBXFileReference; lastKnownFileType = sourcecode.c.h; path = ViewController.h; sourceTree = "<group>"; };
		934457531B4CDF4F00A71832 /* ViewController.m */ = {isa = PBXFileReference; lastKnownFileType = sourcecode.c.objc; path = ViewController.m; sourceTree = "<group>"; };
		934457561B4CDF4F00A71832 /* Base */ = {isa = PBXFileReference; lastKnownFileType = file.storyboard; name = Base; path = Base.lproj/Main.storyboard; sourceTree = "<group>"; };
		934457581B4CDF4F00A71832 /* Images.xcassets */ = {isa = PBXFileReference; lastKnownFileType = folder.assetcatalog; path = Images.xcassets; sourceTree = "<group>"; };
		9344575B1B4CDF4F00A71832 /* Base */ = {isa = PBXFileReference; lastKnownFileType = file.xib; name = Base; path = Base.lproj/LaunchScreen.xib; sourceTree = "<group>"; };
		934457611B4CDF4F00A71832 /* TweetHeapTests.xctest */ = {isa = PBXFileReference; explicitFileType = wrapper.cfbundle; includeInIndex = 0; path = TweetHeapTests.xctest; sourceTree = BUILT_PRODUCTS_DIR; };
		934457661B4CDF4F00A71832 /* Info.plist */ = {isa = PBXFileReference; lastKnownFileType = text.plist.xml; path = Info.plist; sourceTree = "<group>"; };
		934457671B4CDF4F00A71832 /* TweetHeapTests.m */ = {isa = PBXFileReference; lastKnownFileType = sourcecode.c.objc; path = TweetHeapTests.m; sourceTree = "<group>"; };
/* End PBXFileReference section */

/* Begin PBXFrameworksBuildPhase section */
		934457451B4CDF4F00A71832 /* Frameworks */ = {
			isa = PBXFrameworksBuildPhase;
			buildActionMask = 2147483647;
			files = (
			);
			runOnlyForDeploymentPostprocessing = 0;
		};
		9344575E1B4CDF4F00A71832 /* Frameworks */ = {
			isa = PBXFrameworksBuildPhase;
			buildActionMask = 2147483647;
			files = (
			);
			runOnlyForDeploymentPostprocessing = 0;
		};
/* End PBXFrameworksBuildPhase section */

/* Begin PBXGroup section */
		9344573F1B4CDF4F00A71832 = {
			isa = PBXGroup;
			children = (
				9344574A1B4CDF4F00A71832 /* TweetHeap */,
				934457641B4CDF4F00A71832 /* TweetHeapTests */,
				934457491B4CDF4F00A71832 /* Products */,
			);
			sourceTree = "<group>";
		};
		934457491B4CDF4F00A71832 /* Products */ = {
			isa = PBXGroup;
			children = (
				934457481B4CDF4F00A71832 /* TweetHeap.app */,
				934457611B4CDF4F00A71832 /* TweetHeapTests.xctest */,
			);
			name = Products;
			sourceTree = "<group>";
		};
		9344574A1B4CDF4F00A71832 /* TweetHeap */ = {
			isa = PBXGroup;
			children = (
				9344574F1B4CDF4F00A71832 /* AppDelegate.h */,
				934457501B4CDF4F00A71832 /* AppDelegate.m */,
				934457521B4CDF4F00A71832 /* ViewController.h */,
				934457531B4CDF4F00A71832 /* ViewController.m */,
				934457551B4CDF4F00A71832 /* Main.storyboard */,
				934457581B4CDF4F00A71832 /* Images.xcassets */,
				9344575A1B4CDF4F00A71832 /* LaunchScreen.xib */,
				9344574B1B4CDF4F00A71832 /* Supporting Files */,
			);
			path = TweetHeap;
			sourceTree = "<group>";
		};
		9344574B1B4CDF4F00A71832 /* Supporting Files */ = {
			isa = PBXGroup;
			children = (
				9344574C1B4CDF4F00A71832 /* Info.plist */,
				9344574D1B4CDF4F00A71832 /* main.m */,
			);
			name = "Supporting Files";
			sourceTree = "<group>";
		};
		934457641B4CDF4F00A71832 /* TweetHeapTests */ = {
			isa = PBXGroup;
			children = (
				934457671B4CDF4F00A71832 /* TweetHeapTests.m */,
				934457651B4CDF4F00A71832 /* Supporting Files */,
			);
			path = TweetHeapTests;
			sourceTree = "<group>";
		};
		934457651B4CDF4F00A71832 /* Supporting Files */ = {
			isa = PBXGroup;
			children = (
				934457661B4CDF4F00A71832 /* Info.plist */,
			);
			name = "Supporting Files";
			sourceTree = "<group>";
		};
/* End PBXGroup section */

/* Begin PBXNativeTarget section */
		934457471B4CDF4F00A71832 /* TweetHeap */ = {
			isa = PBXNativeTarget;
			buildConfigurationList = 9344576B1B4CDF4F00A71832 /* Build configuration list for PBXNativeTarget "TweetHeap" */;
			buildPhases = (
				934457441B4CDF4F00A71832 /* Sources */,
				934457451B4CDF4F00A71832 /* Frameworks */,
				934457461B4CDF4F00A71832 /* Resources */,
			);
			buildRules = (
			);
			dependencies = (
			);
			name = TweetHeap;
			productName = TweetHeap;
			productReference = 934457481B4CDF4F00A71832 /* TweetHeap.app */;
			productType = "com.apple.product-type.application";
		};
		934457601B4CDF4F00A71832 /* TweetHeapTests */ = {
			isa = PBXNativeTarget;
			buildConfigurationList = 9344576E1B4CDF4F00A71832 /* Build configuration list for PBXNativeTarget "TweetHeapTests" */;
			buildPhases = (
				9344575D1B4CDF4F00A71832 /* Sources */,
				9344575E1B4CDF4F00A71832 /* Frameworks */,
				9344575F1B4CDF4F00A71832 /* Resources */,
			);
			buildRules = (
			);
			dependencies = (
				934457631B4CDF4F00A71832 /* PBXTargetDependency */,
			);
			name = TweetHeapTests;
			productName = TweetHeapTests;
			productReference = 934457611B4CDF4F00A71832 /* TweetHeapTests.xctest */;
			productType = "com.apple.product-type.bundle.unit-test";
		};
/* End PBXNativeTarget section */

/* Begin PBXProject section */
		934457401B4CDF4F00A71832 /* Project object */ = {
			isa = PBXProject;
			attributes = {
				LastUpgradeCheck = 0630;
				ORGANIZATIONNAME = "Narin Kittikul";
				TargetAttributes = {
					934457471B4CDF4F00A71832 = {
						CreatedOnToolsVersion = 6.3.2;
					};
					934457601B4CDF4F00A71832 = {
						CreatedOnToolsVersion = 6.3.2;
						TestTargetID = 934457471B4CDF4F00A71832;
					};
				};
			};
			buildConfigurationList = 934457431B4CDF4F00A71832 /* Build configuration list for PBXProject "TweetHeap" */;
			compatibilityVersion = "Xcode 3.2";
			developmentRegion = English;
			hasScannedForEncodings = 0;
			knownRegions = (
				en,
				Base,
			);
			mainGroup = 9344573F1B4CDF4F00A71832;
			productRefGroup = 934457491B4CDF4F00A71832 /* Products */;
			projectDirPath = "";
			projectRoot = "";
			targets = (
				934457471B4CDF4F00A71832 /* TweetHeap */,
				934457601B4CDF4F00A71832 /* TweetHeapTests */,
			);
		};
/* End PBXProject section */

/* Begin PBXResourcesBuildPhase section */
		934457461B4CDF4F00A71832 /* Resources */ = {
			isa = PBXResourcesBuildPhase;
			buildActionMask = 2147483647;
			files = (
				934457571B4CDF4F00A71832 /* Main.storyboard in Resources */,
				9344575C1B4CDF4F00A71832 /* LaunchScreen.xib in Resources */,
				934457591B4CDF4F00A71832 /* Images.xcassets in Resources */,
			);
			runOnlyForDeploymentPostprocessing = 0;
		};
		9344575F1B4CDF4F00A71832 /* Resources */ = {
			isa = PBXResourcesBuildPhase;
			buildActionMask = 2147483647;
			files = (
			);
			runOnlyForDeploymentPostprocessing = 0;
		};
/* End PBXResourcesBuildPhase section */

/* Begin PBXSourcesBuildPhase section */
		934457441B4CDF4F00A71832 /* Sources */ = {
			isa = PBXSourcesBuildPhase;
			buildActionMask = 2147483647;
			files = (
				934457541B4CDF4F00A71832 /* ViewController.m in Sources */,
				934457511B4CDF4F00A71832 /* AppDelegate.m in Sources */,
				9344574E1B4CDF4F00A71832 /* main.m in Sources */,
			);
			runOnlyForDeploymentPostprocessing = 0;
		};
		9344575D1B4CDF4F00A71832 /* Sources */ = {
			isa = PBXSourcesBuildPhase;
			buildActionMask = 2147483647;
			files = (
				934457681B4CDF4F00A71832 /* TweetHeapTests.m in Sources */,
			);
			runOnlyForDeploymentPostprocessing = 0;
		};
/* End PBXSourcesBuildPhase section */

/* Begin PBXTargetDependency section */
		934457631B4CDF4F00A71832 /* PBXTargetDependency */ = {
			isa = PBXTargetDependency;
			target = 934457471B4CDF4F00A71832 /* TweetHeap */;
			targetProxy = 934457621B4CDF4F00A71832 /* PBXContainerItemProxy */;
		};
/* End PBXTargetDependency section */

/* Begin PBXVariantGroup section */
		934457551B4CDF4F00A71832 /* Main.storyboard */ = {
			isa = PBXVariantGroup;
			children = (
				934457561B4CDF4F00A71832 /* Base */,
			);
			name = Main.storyboard;
			sourceTree = "<group>";
		};
		9344575A1B4CDF4F00A71832 /* LaunchScreen.xib */ = {
			isa = PBXVariantGroup;
			children = (
				9344575B1B4CDF4F00A71832 /* Base */,
			);
			name = LaunchScreen.xib;
			sourceTree = "<group>";
		};
/* End PBXVariantGroup section */

/* Begin XCBuildConfiguration section */
		934457691B4CDF4F00A71832 /* Debug */ = {
			isa = XCBuildConfiguration;
			buildSettings = {
				ALWAYS_SEARCH_USER_PATHS = NO;
				CLANG_CXX_LANGUAGE_STANDARD = "gnu++0x";
				CLANG_CXX_LIBRARY = "libc++";
				CLANG_ENABLE_MODULES = YES;
				CLANG_ENABLE_OBJC_ARC = YES;
				CLANG_WARN_BOOL_CONVERSION = YES;
				CLANG_WARN_CONSTANT_CONVERSION = YES;
				CLANG_WARN_DIRECT_OBJC_ISA_USAGE = YES_ERROR;
				CLANG_WARN_EMPTY_BODY = YES;
				CLANG_WARN_ENUM_CONVERSION = YES;
				CLANG_WARN_INT_CONVERSION = YES;
				CLANG_WARN_OBJC_ROOT_CLASS = YES_ERROR;
				CLANG_WARN_UNREACHABLE_CODE = YES;
				CLANG_WARN__DUPLICATE_METHOD_MATCH = YES;
				"CODE_SIGN_IDENTITY[sdk=iphoneos*]" = "iPhone Developer";
				COPY_PHASE_STRIP = NO;
				DEBUG_INFORMATION_FORMAT = "dwarf-with-dsym";
				ENABLE_STRICT_OBJC_MSGSEND = YES;
				GCC_C_LANGUAGE_STANDARD = gnu99;
				GCC_DYNAMIC_NO_PIC = NO;
				GCC_NO_COMMON_BLOCKS = YES;
				GCC_OPTIMIZATION_LEVEL = 0;
				GCC_PREPROCESSOR_DEFINITIONS = (
					"DEBUG=1",
					"$(inherited)",
				);
				GCC_SYMBOLS_PRIVATE_EXTERN = NO;
				GCC_WARN_64_TO_32_BIT_CONVERSION = YES;
				GCC_WARN_ABOUT_RETURN_TYPE = YES_ERROR;
				GCC_WARN_UNDECLARED_SELECTOR = YES;
				GCC_WARN_UNINITIALIZED_AUTOS = YES_AGGRESSIVE;
				GCC_WARN_UNUSED_FUNCTION = YES;
				GCC_WARN_UNUSED_VARIABLE = YES;
				IPHONEOS_DEPLOYMENT_TARGET = 8.3;
				MTL_ENABLE_DEBUG_INFO = YES;
				ONLY_ACTIVE_ARCH = YES;
				SDKROOT = iphoneos;
				TARGETED_DEVICE_FAMILY = "1,2";
			};
			name = Debug;
		};
		9344576A1B4CDF4F00A71832 /* Release */ = {
			isa = XCBuildConfiguration;
			buildSettings = {
				ALWAYS_SEARCH_USER_PATHS = NO;
				CLANG_CXX_LANGUAGE_STANDARD = "gnu++0x";
				CLANG_CXX_LIBRARY = "libc++";
				CLANG_ENABLE_MODULES = YES;
				CLANG_ENABLE_OBJC_ARC = YES;
				CLANG_WARN_BOOL_CONVERSION = YES;
				CLANG_WARN_CONSTANT_CONVERSION = YES;
				CLANG_WARN_DIRECT_OBJC_ISA_USAGE = YES_ERROR;
				CLANG_WARN_EMPTY_BODY = YES;
				CLANG_WARN_ENUM_CONVERSION = YES;
				CLANG_WARN_INT_CONVERSION = YES;
				CLANG_WARN_OBJC_ROOT_CLASS = YES_ERROR;
				CLANG_WARN_UNREACHABLE_CODE = YES;
				CLANG_WARN__DUPLICATE_METHOD_MATCH = YES;
				"CODE_SIGN_IDENTITY[sdk=iphoneos*]" = "iPhone Developer";
				COPY_PHASE_STRIP = NO;
				DEBUG_INFORMATION_FORMAT = "dwarf-with-dsym";
				ENABLE_NS_ASSERTIONS = NO;
				ENABLE_STRICT_OBJC_MSGSEND = YES;
				GCC_C_LANGUAGE_STANDARD = gnu99;
				GCC_NO_COMMON_BLOCKS = YES;
				GCC_WARN_64_TO_32_BIT_CONVERSION = YES;
				GCC_WARN_ABOUT_RETURN_TYPE = YES_ERROR;
				GCC_WARN_UNDECLARED_SELECTOR = YES;
				GCC_WARN_UNINITIALIZED_AUTOS = YES_AGGRESSIVE;
				GCC_WARN_UNUSED_FUNCTION = YES;
				GCC_WARN_UNUSED_VARIABLE = YES;
				IPHONEOS_DEPLOYMENT_TARGET = 8.3;
				MTL_ENABLE_DEBUG_INFO = NO;
				SDKROOT = iphoneos;
				TARGETED_DEVICE_FAMILY = "1,2";
				VALIDATE_PRODUCT = YES;
			};
			name = Release;
		};
		9344576C1B4CDF4F00A71832 /* Debug */ = {
			isa = XCBuildConfiguration;
			buildSettings = {
				ASSETCATALOG_COMPILER_APPICON_NAME = AppIcon;
				INFOPLIST_FILE = TweetHeap/Info.plist;
				LD_RUNPATH_SEARCH_PATHS = "$(inherited) @executable_path/Frameworks";
				PRODUCT_NAME = "$(TARGET_NAME)";
			};
			name = Debug;
		};
		9344576D1B4CDF4F00A71832 /* Release */ = {
			isa = XCBuildConfiguration;
			buildSettings = {
				ASSETCATALOG_COMPILER_APPICON_NAME = AppIcon;
				INFOPLIST_FILE = TweetHeap/Info.plist;
				LD_RUNPATH_SEARCH_PATHS = "$(inherited) @executable_path/Frameworks";
				PRODUCT_NAME = "$(TARGET_NAME)";
			};
			name = Release;
		};
		9344576F1B4CDF4F00A71832 /* Debug */ = {
			isa = XCBuildConfiguration;
			buildSettings = {
				BUNDLE_LOADER = "$(TEST_HOST)";
				FRAMEWORK_SEARCH_PATHS = (
					"$(SDKROOT)/Developer/Library/Frameworks",
					"$(inherited)",
				);
				GCC_PREPROCESSOR_DEFINITIONS = (
					"DEBUG=1",
					"$(inherited)",
				);
				INFOPLIST_FILE = TweetHeapTests/Info.plist;
				LD_RUNPATH_SEARCH_PATHS = "$(inherited) @executable_path/Frameworks @loader_path/Frameworks";
				PRODUCT_NAME = "$(TARGET_NAME)";
				TEST_HOST = "$(BUILT_PRODUCTS_DIR)/TweetHeap.app/TweetHeap";
			};
			name = Debug;
		};
		934457701B4CDF4F00A71832 /* Release */ = {
			isa = XCBuildConfiguration;
			buildSettings = {
				BUNDLE_LOADER = "$(TEST_HOST)";
				FRAMEWORK_SEARCH_PATHS = (
					"$(SDKROOT)/Developer/Library/Frameworks",
					"$(inherited)",
				);
				INFOPLIST_FILE = TweetHeapTests/Info.plist;
				LD_RUNPATH_SEARCH_PATHS = "$(inherited) @executable_path/Frameworks @loader_path/Frameworks";
				PRODUCT_NAME = "$(TARGET_NAME)";
				TEST_HOST = "$(BUILT_PRODUCTS_DIR)/TweetHeap.app/TweetHeap";
			};
			name = Release;
		};
/* End XCBuildConfiguration section */

/* Begin XCConfigurationList section */
		934457431B4CDF4F00A71832 /* Build configuration list for PBXProject "TweetHeap" */ = {
			isa = XCConfigurationList;
			buildConfigurations = (
				934457691B4CDF4F00A71832 /* Debug */,
				9344576A1B4CDF4F00A71832 /* Release */,
			);
			defaultConfigurationIsVisible = 0;
			defaultConfigurationName = Release;
		};
		9344576B1B4CDF4F00A71832 /* Build configuration list for PBXNativeTarget "TweetHeap" */ = {
			isa = XCConfigurationList;
			buildConfigurations = (
				9344576C1B4CDF4F00A71832 /* Debug */,
				9344576D1B4CDF4F00A71832 /* Release */,
			);
			defaultConfigurationIsVisible = 0;
		};
		9344576E1B4CDF4F00A71832 /* Build configuration list for PBXNativeTarget "TweetHeapTests" */ = {
			isa = XCConfigurationList;
			buildConfigurations = (
				9344576F1B4CDF4F00A71832 /* Debug */,
				934457701B4CDF4F00A71832 /* Release */,
			);
			defaultConfigurationIsVisible = 0;
		};
/* End XCConfigurationList section */
	};
	rootObject = 934457401B4CDF4F00A71832 /* Project object */;
}
